
Microsoft Visual Studio Solution File, Format Version 12.00
# Visual Studio 2012
Project("{FAE04EC0-301F-11D3-BF4B-00C04F79EFBC}") = "training03", "training03\training03.csproj", "{074C474F-47A0-42AB-9CC1-31668B098219}"
EndProject
Project("{FAE04EC0-301F-11D3-BF4B-00C04F79EFBC}") = "training04", "training04\training04.csproj", "{77B73300-478B-4E3E-AA60-CE6592DAD317}"
EndProject
Project("{FAE04EC0-301F-11D3-BF4B-00C04F79EFBC}") = "training04-extra", "training04-extra\training04-extra.csproj", "{63D3B54A-928B-4C2C-ACFC-0D28F1934497}"
EndProject
Project("{FAE04EC0-301F-11D3-BF4B-00C04F79EFBC}") = "training06", "training06\training06.csproj", "{9E123343-5C54-4032-B623-76E03E47888E}"
EndProject
Project("{FAE04EC0-301F-11D3-BF4B-00C04F79EFBC}") = "training07", "training07\training07.csproj", "{B04471D0-EE62-463C-915D-9E6546FC7384}"
EndProject
Project("{FAE04EC0-301F-11D3-BF4B-00C04F79EFBC}") = "training05", "training05\training05.csproj", "{20C178B0-A2CD-49E8-ACF9-45294D65EFDB}"
EndProject
Project("{FAE04EC0-301F-11D3-BF4B-00C04F79EFBC}") = "training08", "training08\training08.csproj", "{E3193FE4-9237-40ED-BE83-19B31DD4E3B7}"
EndProject
Project("{FAE04EC0-301F-11D3-BF4B-00C04F79EFBC}") = "Microsoft.Kinect.Toolkit", "Microsoft.Kinect.Toolkit\Microsoft.Kinect.Toolkit.csproj", "{C6F9C31B-6130-4443-A5CC-EF0664552ECD}"
EndProject
Project("{FAE04EC0-301F-11D3-BF4B-00C04F79EFBC}") = "training09", "training09\training09.csproj", "{E2598D5E-598A-4124-8E85-B796BE4FF10E}"
EndProject
Project("{FAE04EC0-301F-11D3-BF4B-00C04F79EFBC}") = "training10_MonogusaMouse", "training10_MonogusaMouse\training10_MonogusaMouse.csproj", "{D4F3BD92-E071-4C08-85CE-054A603E4FD3}"
EndProject
Global
	GlobalSection(SolutionConfigurationPlatforms) = preSolution
		Debug|Any CPU = Debug|Any CPU
		Debug|Mixed Platforms = Debug|Mixed Platforms
		Debug|x86 = Debug|x86
		Release|Any CPU = Release|Any CPU
		Release|Mixed Platforms = Release|Mixed Platforms
		Release|x86 = Release|x86
	EndGlobalSection
	GlobalSection(ProjectConfigurationPlatforms) = postSolution
		{074C474F-47A0-42AB-9CC1-31668B098219}.Debug|Any CPU.ActiveCfg = Debug|Any CPU
		{074C474F-47A0-42AB-9CC1-31668B098219}.Debug|Any CPU.Build.0 = Debug|Any CPU
		{074C474F-47A0-42AB-9CC1-31668B098219}.Debug|Mixed Platforms.ActiveCfg = Debug|x86
		{074C474F-47A0-42AB-9CC1-31668B098219}.Debug|Mixed Platforms.Build.0 = Debug|x86
		{074C474F-47A0-42AB-9CC1-31668B098219}.Debug|x86.ActiveCfg = Debug|x86
		{074C474F-47A0-42AB-9CC1-31668B098219}.Debug|x86.Build.0 = Debug|x86
		{074C474F-47A0-42AB-9CC1-31668B098219}.Release|Any CPU.ActiveCfg = Release|x86
		{074C474F-47A0-42AB-9CC1-31668B098219}.Release|Mixed Platforms.ActiveCfg = Release|x86
		{074C474F-47A0-42AB-9CC1-31668B098219}.Release|Mixed Platforms.Build.0 = Release|x86
		{074C474F-47A0-42AB-9CC1-31668B098219}.Release|x86.ActiveCfg = Release|x86
		{074C474F-47A0-42AB-9CC1-31668B098219}.Release|x86.Build.0 = Release|x86
		{77B73300-478B-4E3E-AA60-CE6592DAD317}.Debug|Any CPU.ActiveCfg = Debug|Any CPU
		{77B73300-478B-4E3E-AA60-CE6592DAD317}.Debug|Any CPU.Build.0 = Debug|Any CPU
		{77B73300-478B-4E3E-AA60-CE6592DAD317}.Debug|Mixed Platforms.ActiveCfg = Debug|x86
		{77B73300-478B-4E3E-AA60-CE6592DAD317}.Debug|Mixed Platforms.Build.0 = Debug|x86
		{77B73300-478B-4E3E-AA60-CE6592DAD317}.Debug|x86.ActiveCfg = Debug|x86
		{77B73300-478B-4E3E-AA60-CE6592DAD317}.Debug|x86.Build.0 = Debug|x86
		{77B73300-478B-4E3E-AA60-CE6592DAD317}.Release|Any CPU.ActiveCfg = Release|x86
		{77B73300-478B-4E3E-AA60-CE6592DAD317}.Release|Mixed Platforms.ActiveCfg = Release|x86
		{77B73300-478B-4E3E-AA60-CE6592DAD317}.Release|Mixed Platforms.Build.0 = Release|x86
		{77B73300-478B-4E3E-AA60-CE6592DAD317}.Release|x86.ActiveCfg = Release|x86
		{77B73300-478B-4E3E-AA60-CE6592DAD317}.Release|x86.Build.0 = Release|x86
		{63D3B54A-928B-4C2C-ACFC-0D28F1934497}.Debug|Any CPU.ActiveCfg = Debug|Any CPU
		{63D3B54A-928B-4C2C-ACFC-0D28F1934497}.Debug|Any CPU.Build.0 = Debug|Any CPU
		{63D3B54A-928B-4C2C-ACFC-0D28F1934497}.Debug|Mixed Platforms.ActiveCfg = Debug|x86
		{63D3B54A-928B-4C2C-ACFC-0D28F1934497}.Debug|Mixed Platforms.Build.0 = Debug|x86
		{63D3B54A-928B-4C2C-ACFC-0D28F1934497}.Debug|x86.ActiveCfg = Debug|x86
		{63D3B54A-928B-4C2C-ACFC-0D28F1934497}.Debug|x86.Build.0 = Debug|x86
		{63D3B54A-928B-4C2C-ACFC-0D28F1934497}.Release|Any CPU.ActiveCfg = Release|x86
		{63D3B54A-928B-4C2C-ACFC-0D28F1934497}.Release|Mixed Platforms.ActiveCfg = Release|x86
		{63D3B54A-928B-4C2C-ACFC-0D28F1934497}.Release|Mixed Platforms.Build.0 = Release|x86
		{63D3B54A-928B-4C2C-ACFC-0D28F1934497}.Release|x86.ActiveCfg = Release|x86
		{63D3B54A-928B-4C2C-ACFC-0D28F1934497}.Release|x86.Build.0 = Release|x86
		{9E123343-5C54-4032-B623-76E03E47888E}.Debug|Any CPU.ActiveCfg = Debug|Any CPU
		{9E123343-5C54-4032-B623-76E03E47888E}.Debug|Any CPU.Build.0 = Debug|Any CPU
		{9E123343-5C54-4032-B623-76E03E47888E}.Debug|Mixed Platforms.ActiveCfg = Debug|Any CPU
		{9E123343-5C54-4032-B623-76E03E47888E}.Debug|Mixed Platforms.Build.0 = Debug|Any CPU
		{9E123343-5C54-4032-B623-76E03E47888E}.Debug|x86.ActiveCfg = Debug|Any CPU
		{9E123343-5C54-4032-B623-76E03E47888E}.Debug|x86.Build.0 = Debug|Any CPU
		{9E123343-5C54-4032-B623-76E03E47888E}.Release|Any CPU.ActiveCfg = Release|Any CPU
		{9E123343-5C54-4032-B623-76E03E47888E}.Release|Any CPU.Build.0 = Release|Any CPU
		{9E123343-5C54-4032-B623-76E03E47888E}.Release|Mixed Platforms.ActiveCfg = Release|Any CPU
		{9E123343-5C54-4032-B623-76E03E47888E}.Release|Mixed Platforms.Build.0 = Release|Any CPU
		{9E123343-5C54-4032-B623-76E03E47888E}.Release|x86.ActiveCfg = Release|Any CPU
		{B04471D0-EE62-463C-915D-9E6546FC7384}.Debug|Any CPU.ActiveCfg = Debug|Any CPU
		{B04471D0-EE62-463C-915D-9E6546FC7384}.Debug|Any CPU.Build.0 = Debug|Any CPU
		{B04471D0-EE62-463C-915D-9E6546FC7384}.Debug|Mixed Platforms.ActiveCfg = Debug|Any CPU
		{B04471D0-EE62-463C-915D-9E6546FC7384}.Debug|Mixed Platforms.Build.0 = Debug|Any CPU
		{B04471D0-EE62-463C-915D-9E6546FC7384}.Debug|x86.ActiveCfg = Debug|Any CPU
		{B04471D0-EE62-463C-915D-9E6546FC7384}.Release|Any CPU.ActiveCfg = Release|Any CPU
		{B04471D0-EE62-463C-915D-9E6546FC7384}.Release|Any CPU.Build.0 = Release|Any CPU
		{B04471D0-EE62-463C-915D-9E6546FC7384}.Release|Mixed Platforms.ActiveCfg = Release|Any CPU
		{B04471D0-EE62-463C-915D-9E6546FC7384}.Release|Mixed Platforms.Build.0 = Release|Any CPU
		{B04471D0-EE62-463C-915D-9E6546FC7384}.Release|x86.ActiveCfg = Release|Any CPU
		{20C178B0-A2CD-49E8-ACF9-45294D65EFDB}.Debug|Any CPU.ActiveCfg = Debug|Any CPU
		{20C178B0-A2CD-49E8-ACF9-45294D65EFDB}.Debug|Any CPU.Build.0 = Debug|Any CPU
		{20C178B0-A2CD-49E8-ACF9-45294D65EFDB}.Debug|Mixed Platforms.ActiveCfg = Debug|Any CPU
		{20C178B0-A2CD-49E8-ACF9-45294D65EFDB}.Debug|Mixed Platforms.Build.0 = Debug|Any CPU
		{20C178B0-A2CD-49E8-ACF9-45294D65EFDB}.Debug|x86.ActiveCfg = Debug|Any CPU
		{20C178B0-A2CD-49E8-ACF9-45294D65EFDB}.Release|Any CPU.ActiveCfg = Release|Any CPU
		{20C178B0-A2CD-49E8-ACF9-45294D65EFDB}.Release|Any CPU.Build.0 = Release|Any CPU
		{20C178B0-A2CD-49E8-ACF9-45294D65EFDB}.Release|Mixed Platforms.ActiveCfg = Release|Any CPU
		{20C178B0-A2CD-49E8-ACF9-45294D65EFDB}.Release|Mixed Platforms.Build.0 = Release|Any CPU
		{20C178B0-A2CD-49E8-ACF9-45294D65EFDB}.Release|x86.ActiveCfg = Release|Any CPU
		{E3193FE4-9237-40ED-BE83-19B31DD4E3B7}.Debug|Any CPU.ActiveCfg = Debug|Any CPU
		{E3193FE4-9237-40ED-BE83-19B31DD4E3B7}.Debug|Any CPU.Build.0 = Debug|Any CPU
		{E3193FE4-9237-40ED-BE83-19B31DD4E3B7}.Debug|Mixed Platforms.ActiveCfg = Debug|Any CPU
		{E3193FE4-9237-40ED-BE83-19B31DD4E3B7}.Debug|Mixed Platforms.Build.0 = Debug|Any CPU
		{E3193FE4-9237-40ED-BE83-19B31DD4E3B7}.Debug|x86.ActiveCfg = Debug|Any CPU
		{E3193FE4-9237-40ED-BE83-19B31DD4E3B7}.Release|Any CPU.ActiveCfg = Release|Any CPU
		{E3193FE4-9237-40ED-BE83-19B31DD4E3B7}.Release|Any CPU.Build.0 = Release|Any CPU
		{E3193FE4-9237-40ED-BE83-19B31DD4E3B7}.Release|Mixed Platforms.ActiveCfg = Release|Any CPU
		{E3193FE4-9237-40ED-BE83-19B31DD4E3B7}.Release|Mixed Platforms.Build.0 = Release|Any CPU
		{E3193FE4-9237-40ED-BE83-19B31DD4E3B7}.Release|x86.ActiveCfg = Release|Any CPU
		{C6F9C31B-6130-4443-A5CC-EF0664552ECD}.Debug|Any CPU.ActiveCfg = Debug|Any CPU
		{C6F9C31B-6130-4443-A5CC-EF0664552ECD}.Debug|Any CPU.Build.0 = Debug|Any CPU
		{C6F9C31B-6130-4443-A5CC-EF0664552ECD}.Debug|Mixed Platforms.ActiveCfg = Debug|Any CPU
		{C6F9C31B-6130-4443-A5CC-EF0664552ECD}.Debug|Mixed Platforms.Build.0 = Debug|Any CPU
		{C6F9C31B-6130-4443-A5CC-EF0664552ECD}.Debug|x86.ActiveCfg = Debug|Any CPU
		{C6F9C31B-6130-4443-A5CC-EF0664552ECD}.Release|Any CPU.ActiveCfg = Release|Any CPU
		{C6F9C31B-6130-4443-A5CC-EF0664552ECD}.Release|Any CPU.Build.0 = Release|Any CPU
		{C6F9C31B-6130-4443-A5CC-EF0664552ECD}.Release|Mixed Platforms.ActiveCfg = Release|Any CPU
		{C6F9C31B-6130-4443-A5CC-EF0664552ECD}.Release|Mixed Platforms.Build.0 = Release|Any CPU
		{C6F9C31B-6130-4443-A5CC-EF0664552ECD}.Release|x86.ActiveCfg = Release|Any CPU
		{E2598D5E-598A-4124-8E85-B796BE4FF10E}.Debug|Any CPU.ActiveCfg = Debug|Any CPU
		{E2598D5E-598A-4124-8E85-B796BE4FF10E}.Debug|Any CPU.Build.0 = Debug|Any CPU
		{E2598D5E-598A-4124-8E85-B796BE4FF10E}.Debug|Mixed Platforms.ActiveCfg = Debug|Any CPU
		{E2598D5E-598A-4124-8E85-B796BE4FF10E}.Debug|Mixed Platforms.Build.0 = Debug|Any CPU
		{E2598D5E-598A-4124-8E85-B796BE4FF10E}.Debug|x86.ActiveCfg = Debug|Any CPU
		{E2598D5E-598A-4124-8E85-B796BE4FF10E}.Release|Any CPU.ActiveCfg = Release|Any CPU
		{E2598D5E-598A-4124-8E85-B796BE4FF10E}.Release|Any CPU.Build.0 = Release|Any CPU
		{E2598D5E-598A-4124-8E85-B796BE4FF10E}.Release|Mixed Platforms.ActiveCfg = Release|Any CPU
		{E2598D5E-598A-4124-8E85-B796BE4FF10E}.Release|Mixed Platforms.Build.0 = Release|Any CPU
		{E2598D5E-598A-4124-8E85-B796BE4FF10E}.Release|x86.ActiveCfg = Release|Any CPU
		{D4F3BD92-E071-4C08-85CE-054A603E4FD3}.Debug|Any CPU.ActiveCfg = Debug|Any CPU
		{D4F3BD92-E071-4C08-85CE-054A603E4FD3}.Debug|Any CPU.Build.0 = Debug|Any CPU
		{D4F3BD92-E071-4C08-85CE-054A603E4FD3}.Debug|Mixed Platforms.ActiveCfg = Debug|Any CPU
		{D4F3BD92-E071-4C08-85CE-054A603E4FD3}.Debug|Mixed Platforms.Build.0 = Debug|Any CPU
		{D4F3BD92-E071-4C08-85CE-054A603E4FD3}.Debug|x86.ActiveCfg = Debug|Any CPU
		{D4F3BD92-E071-4C08-85CE-054A603E4FD3}.Release|Any CPU.ActiveCfg = Release|Any CPU
		{D4F3BD92-E071-4C08-85CE-054A603E4FD3}.Release|Any CPU.Build.0 = Release|Any CPU
		{D4F3BD92-E071-4C08-85CE-054A603E4FD3}.Release|Mixed Platforms.ActiveCfg = Release|Any CPU
		{D4F3BD92-E071-4C08-85CE-054A603E4FD3}.Release|Mixed Platforms.Build.0 = Release|Any CPU
		{D4F3BD92-E071-4C08-85CE-054A603E4FD3}.Release|x86.ActiveCfg = Release|Any CPU
	EndGlobalSection
	GlobalSection(SolutionProperties) = preSolution
		HideSolutionNode = FALSE
	EndGlobalSection
EndGlobal
